
Microsoft Visual Studio Solution File, Format Version 12.00
# Visual Studio 2012
Project("{FAE04EC0-301F-11D3-BF4B-00C04F79EFBC}") = "TelerikAggregateSampleApp", "TelerikAggregateSampleApp\TelerikAggregateSampleApp.csproj", "{89BE8F4D-CF9C-4AE4-832C-AF4023E33DFB}"
EndProject
Global
	GlobalSection(SolutionConfigurationPlatforms) = preSolution
		Debug|Any CPU = Debug|Any CPU
		Release|Any CPU = Release|Any CPU
	EndGlobalSection
	GlobalSection(ProjectConfigurationPlatforms) = postSolution
		{89BE8F4D-CF9C-4AE4-832C-AF4023E33DFB}.Debug|Any CPU.ActiveCfg = Debug|Any CPU
		{89BE8F4D-CF9C-4AE4-832C-AF4023E33DFB}.Debug|Any CPU.Build.0 = Debug|Any CPU
		{89BE8F4D-CF9C-4AE4-832C-AF4023E33DFB}.Release|Any CPU.ActiveCfg = Release|Any CPU
		{89BE8F4D-CF9C-4AE4-832C-AF4023E33DFB}.Release|Any CPU.Build.0 = Release|Any CPU
	EndGlobalSection
	GlobalSection(SolutionProperties) = preSolution
		HideSolutionNode = FALSE
	EndGlobalSection
EndGlobal
